
Microsoft Visual Studio Solution File, Format Version 12.00
# Visual Studio Version 17
VisualStudioVersion = 17.10.34804.81
MinimumVisualStudioVersion = 10.0.40219.1
Project("{9A19103F-16F7-4668-BE54-9A1E7A4F7556}") = "MPTDotNetCore.ConsoleApp", "MPTDotNetCore.ConsoleApp\MPTDotNetCore.ConsoleApp.csproj", "{511EF7EB-0642-475F-A502-EF46B3998D96}"
EndProject
Project("{9A19103F-16F7-4668-BE54-9A1E7A4F7556}") = "MPTDotNetCore.Shared", "MPTDotNetCore.ClassLibrary\MPTDotNetCore.Shared.csproj", "{5A3E50D9-5367-4359-B217-257A28F70B88}"
EndProject
Project("{9A19103F-16F7-4668-BE54-9A1E7A4F7556}") = "MPTDotNetCore.RestApi", "MPTDotNetCore.RestApi\MPTDotNetCore.RestApi.csproj", "{CFC011FB-8F39-4FAA-A839-4DBD4E9275B5}"
EndProject
Project("{FAE04EC0-301F-11D3-BF4B-00C04F79EFBC}") = "MPTDotNetCore.RestApiWithNLayer", "MPTDotNetCore.RestApiWithNLayer\MPTDotNetCore.RestApiWithNLayer.csproj", "{2F758B93-33B8-4A7B-B6D3-D26BEB6CCDBE}"
EndProject
Global
	GlobalSection(SolutionConfigurationPlatforms) = preSolution
		Debug|Any CPU = Debug|Any CPU
		Release|Any CPU = Release|Any CPU
	EndGlobalSection
	GlobalSection(ProjectConfigurationPlatforms) = postSolution
		{511EF7EB-0642-475F-A502-EF46B3998D96}.Debug|Any CPU.ActiveCfg = Debug|Any CPU
		{511EF7EB-0642-475F-A502-EF46B3998D96}.Debug|Any CPU.Build.0 = Debug|Any CPU
		{511EF7EB-0642-475F-A502-EF46B3998D96}.Release|Any CPU.ActiveCfg = Release|Any CPU
		{511EF7EB-0642-475F-A502-EF46B3998D96}.Release|Any CPU.Build.0 = Release|Any CPU
		{5A3E50D9-5367-4359-B217-257A28F70B88}.Debug|Any CPU.ActiveCfg = Debug|Any CPU
		{5A3E50D9-5367-4359-B217-257A28F70B88}.Debug|Any CPU.Build.0 = Debug|Any CPU
		{5A3E50D9-5367-4359-B217-257A28F70B88}.Release|Any CPU.ActiveCfg = Release|Any CPU
		{5A3E50D9-5367-4359-B217-257A28F70B88}.Release|Any CPU.Build.0 = Release|Any CPU
		{CFC011FB-8F39-4FAA-A839-4DBD4E9275B5}.Debug|Any CPU.ActiveCfg = Debug|Any CPU
		{CFC011FB-8F39-4FAA-A839-4DBD4E9275B5}.Debug|Any CPU.Build.0 = Debug|Any CPU
		{CFC011FB-8F39-4FAA-A839-4DBD4E9275B5}.Release|Any CPU.ActiveCfg = Release|Any CPU
		{CFC011FB-8F39-4FAA-A839-4DBD4E9275B5}.Release|Any CPU.Build.0 = Release|Any CPU
		{2F758B93-33B8-4A7B-B6D3-D26BEB6CCDBE}.Debug|Any CPU.ActiveCfg = Debug|Any CPU
		{2F758B93-33B8-4A7B-B6D3-D26BEB6CCDBE}.Debug|Any CPU.Build.0 = Debug|Any CPU
		{2F758B93-33B8-4A7B-B6D3-D26BEB6CCDBE}.Release|Any CPU.ActiveCfg = Release|Any CPU
		{2F758B93-33B8-4A7B-B6D3-D26BEB6CCDBE}.Release|Any CPU.Build.0 = Release|Any CPU
	EndGlobalSection
	GlobalSection(SolutionProperties) = preSolution
		HideSolutionNode = FALSE
	EndGlobalSection
	GlobalSection(ExtensibilityGlobals) = postSolution
		SolutionGuid = {1337E3E4-CEF2-40A5-8D13-8C5766C8DCD0}
	EndGlobalSection
EndGlobal
