
Microsoft Visual Studio Solution File, Format Version 12.00
# Visual Studio Version 17
VisualStudioVersion = 17.10.34804.81
MinimumVisualStudioVersion = 10.0.40219.1
Project("{9A19103F-16F7-4668-BE54-9A1E7A4F7556}") = "MPTDotNetCore.ConsoleApp", "MPTDotNetCore.ConsoleApp\MPTDotNetCore.ConsoleApp.csproj", "{511EF7EB-0642-475F-A502-EF46B3998D96}"
EndProject
Project("{9A19103F-16F7-4668-BE54-9A1E7A4F7556}") = "MPTDotNetCore.Shared", "MPTDotNetCore.ClassLibrary\MPTDotNetCore.Shared.csproj", "{5A3E50D9-5367-4359-B217-257A28F70B88}"
EndProject
Project("{9A19103F-16F7-4668-BE54-9A1E7A4F7556}") = "MPTDotNetCore.RestApi", "MPTDotNetCore.RestApi\MPTDotNetCore.RestApi.csproj", "{CFC011FB-8F39-4FAA-A839-4DBD4E9275B5}"
EndProject
Project("{FAE04EC0-301F-11D3-BF4B-00C04F79EFBC}") = "MPTDotNetCore.RestApiWithNLayer", "MPTDotNetCore.RestApiWithNLayer\MPTDotNetCore.RestApiWithNLayer.csproj", "{2F758B93-33B8-4A7B-B6D3-D26BEB6CCDBE}"
EndProject
Project("{FAE04EC0-301F-11D3-BF4B-00C04F79EFBC}") = "MPTDotNetCore.ConsoleAppHttpClientExamples", "MPTDotNetCore.ConsoleAppHttpClientExamples\MPTDotNetCore.ConsoleAppHttpClientExamples.csproj", "{C1B93687-3E5F-46FC-88EB-CA4365CC6F43}"
EndProject
Project("{FAE04EC0-301F-11D3-BF4B-00C04F79EFBC}") = "MPTDotNetCore.ConsoleAppRestClientExamples", "MPTDotNetCore.ConsoleAppRestClientExamples\MPTDotNetCore.ConsoleAppRestClientExamples.csproj", "{8CF20743-623D-4030-BD53-B2AF9715D63F}"
EndProject
Project("{FAE04EC0-301F-11D3-BF4B-00C04F79EFBC}") = "MPTDotNetCore.PizzaApi", "MPTDotNetCore.PizzaApi\MPTDotNetCore.PizzaApi.csproj", "{2E8B180F-7EDC-40D2-96D6-B34AD003D5E9}"
EndProject
Project("{FAE04EC0-301F-11D3-BF4B-00C04F79EFBC}") = "MPTDotNetCore.ConsoleAppRefitExamples", "MPTDotNetCore.ConsoleAppRefitExamples\MPTDotNetCore.ConsoleAppRefitExamples.csproj", "{6A20A25F-9E08-4CAC-B9AF-095D2E2BF4A1}"
EndProject
Project("{FAE04EC0-301F-11D3-BF4B-00C04F79EFBC}") = "MPTDotNetCore.WindowsFormsApp", "MPTDotNetCore.WindowsFormsApp\MPTDotNetCore.WindowsFormsApp.csproj", "{E5DEB6BE-EF00-45F9-87E2-8B759F702F24}"
EndProject
Global
	GlobalSection(SolutionConfigurationPlatforms) = preSolution
		Debug|Any CPU = Debug|Any CPU
		Release|Any CPU = Release|Any CPU
	EndGlobalSection
	GlobalSection(ProjectConfigurationPlatforms) = postSolution
		{511EF7EB-0642-475F-A502-EF46B3998D96}.Debug|Any CPU.ActiveCfg = Debug|Any CPU
		{511EF7EB-0642-475F-A502-EF46B3998D96}.Debug|Any CPU.Build.0 = Debug|Any CPU
		{511EF7EB-0642-475F-A502-EF46B3998D96}.Release|Any CPU.ActiveCfg = Release|Any CPU
		{511EF7EB-0642-475F-A502-EF46B3998D96}.Release|Any CPU.Build.0 = Release|Any CPU
		{5A3E50D9-5367-4359-B217-257A28F70B88}.Debug|Any CPU.ActiveCfg = Debug|Any CPU
		{5A3E50D9-5367-4359-B217-257A28F70B88}.Debug|Any CPU.Build.0 = Debug|Any CPU
		{5A3E50D9-5367-4359-B217-257A28F70B88}.Release|Any CPU.ActiveCfg = Release|Any CPU
		{5A3E50D9-5367-4359-B217-257A28F70B88}.Release|Any CPU.Build.0 = Release|Any CPU
		{CFC011FB-8F39-4FAA-A839-4DBD4E9275B5}.Debug|Any CPU.ActiveCfg = Debug|Any CPU
		{CFC011FB-8F39-4FAA-A839-4DBD4E9275B5}.Debug|Any CPU.Build.0 = Debug|Any CPU
		{CFC011FB-8F39-4FAA-A839-4DBD4E9275B5}.Release|Any CPU.ActiveCfg = Release|Any CPU
		{CFC011FB-8F39-4FAA-A839-4DBD4E9275B5}.Release|Any CPU.Build.0 = Release|Any CPU
		{2F758B93-33B8-4A7B-B6D3-D26BEB6CCDBE}.Debug|Any CPU.ActiveCfg = Debug|Any CPU
		{2F758B93-33B8-4A7B-B6D3-D26BEB6CCDBE}.Debug|Any CPU.Build.0 = Debug|Any CPU
		{2F758B93-33B8-4A7B-B6D3-D26BEB6CCDBE}.Release|Any CPU.ActiveCfg = Release|Any CPU
		{2F758B93-33B8-4A7B-B6D3-D26BEB6CCDBE}.Release|Any CPU.Build.0 = Release|Any CPU
		{C1B93687-3E5F-46FC-88EB-CA4365CC6F43}.Debug|Any CPU.ActiveCfg = Debug|Any CPU
		{C1B93687-3E5F-46FC-88EB-CA4365CC6F43}.Debug|Any CPU.Build.0 = Debug|Any CPU
		{C1B93687-3E5F-46FC-88EB-CA4365CC6F43}.Release|Any CPU.ActiveCfg = Release|Any CPU
		{C1B93687-3E5F-46FC-88EB-CA4365CC6F43}.Release|Any CPU.Build.0 = Release|Any CPU
		{8CF20743-623D-4030-BD53-B2AF9715D63F}.Debug|Any CPU.ActiveCfg = Debug|Any CPU
		{8CF20743-623D-4030-BD53-B2AF9715D63F}.Debug|Any CPU.Build.0 = Debug|Any CPU
		{8CF20743-623D-4030-BD53-B2AF9715D63F}.Release|Any CPU.ActiveCfg = Release|Any CPU
		{8CF20743-623D-4030-BD53-B2AF9715D63F}.Release|Any CPU.Build.0 = Release|Any CPU
		{2E8B180F-7EDC-40D2-96D6-B34AD003D5E9}.Debug|Any CPU.ActiveCfg = Debug|Any CPU
		{2E8B180F-7EDC-40D2-96D6-B34AD003D5E9}.Debug|Any CPU.Build.0 = Debug|Any CPU
		{2E8B180F-7EDC-40D2-96D6-B34AD003D5E9}.Release|Any CPU.ActiveCfg = Release|Any CPU
		{2E8B180F-7EDC-40D2-96D6-B34AD003D5E9}.Release|Any CPU.Build.0 = Release|Any CPU
		{6A20A25F-9E08-4CAC-B9AF-095D2E2BF4A1}.Debug|Any CPU.ActiveCfg = Debug|Any CPU
		{6A20A25F-9E08-4CAC-B9AF-095D2E2BF4A1}.Debug|Any CPU.Build.0 = Debug|Any CPU
		{6A20A25F-9E08-4CAC-B9AF-095D2E2BF4A1}.Release|Any CPU.ActiveCfg = Release|Any CPU
		{6A20A25F-9E08-4CAC-B9AF-095D2E2BF4A1}.Release|Any CPU.Build.0 = Release|Any CPU
		{E5DEB6BE-EF00-45F9-87E2-8B759F702F24}.Debug|Any CPU.ActiveCfg = Debug|Any CPU
		{E5DEB6BE-EF00-45F9-87E2-8B759F702F24}.Debug|Any CPU.Build.0 = Debug|Any CPU
		{E5DEB6BE-EF00-45F9-87E2-8B759F702F24}.Release|Any CPU.ActiveCfg = Release|Any CPU
		{E5DEB6BE-EF00-45F9-87E2-8B759F702F24}.Release|Any CPU.Build.0 = Release|Any CPU
	EndGlobalSection
	GlobalSection(SolutionProperties) = preSolution
		HideSolutionNode = FALSE
	EndGlobalSection
	GlobalSection(ExtensibilityGlobals) = postSolution
		SolutionGuid = {1337E3E4-CEF2-40A5-8D13-8C5766C8DCD0}
	EndGlobalSection
EndGlobal
