
Microsoft Visual Studio Solution File, Format Version 12.00
# Visual Studio Version 17
VisualStudioVersion = 17.10.34804.81
MinimumVisualStudioVersion = 10.0.40219.1
Project("{FAE04EC0-301F-11D3-BF4B-00C04F79EFBC}") = "MPTDotNetCore.ConsoleApp", "MPTDotNetCore.ConsoleApp\MPTDotNetCore.ConsoleApp.csproj", "{511EF7EB-0642-475F-A502-EF46B3998D96}"
EndProject
Global
	GlobalSection(SolutionConfigurationPlatforms) = preSolution
		Debug|Any CPU = Debug|Any CPU
		Release|Any CPU = Release|Any CPU
	EndGlobalSection
	GlobalSection(ProjectConfigurationPlatforms) = postSolution
		{511EF7EB-0642-475F-A502-EF46B3998D96}.Debug|Any CPU.ActiveCfg = Debug|Any CPU
		{511EF7EB-0642-475F-A502-EF46B3998D96}.Debug|Any CPU.Build.0 = Debug|Any CPU
		{511EF7EB-0642-475F-A502-EF46B3998D96}.Release|Any CPU.ActiveCfg = Release|Any CPU
		{511EF7EB-0642-475F-A502-EF46B3998D96}.Release|Any CPU.Build.0 = Release|Any CPU
	EndGlobalSection
	GlobalSection(SolutionProperties) = preSolution
		HideSolutionNode = FALSE
	EndGlobalSection
	GlobalSection(ExtensibilityGlobals) = postSolution
		SolutionGuid = {1337E3E4-CEF2-40A5-8D13-8C5766C8DCD0}
	EndGlobalSection
EndGlobal
